
Microsoft Visual Studio Solution File, Format Version 12.00
# Visual Studio Version 17
VisualStudioVersion = 17.11.35222.181
MinimumVisualStudioVersion = 10.0.40219.1
Project("{FAE04EC0-301F-11D3-BF4B-00C04F79EFBC}") = "InventarioTienda", "InventarioTienda.csproj", "{358555F6-0A73-4223-A3C5-AA0E6FB2BC2D}"
EndProject
Global
	GlobalSection(SolutionConfigurationPlatforms) = preSolution
		Debug|Any CPU = Debug|Any CPU
		Release|Any CPU = Release|Any CPU
	EndGlobalSection
	GlobalSection(ProjectConfigurationPlatforms) = postSolution
		{358555F6-0A73-4223-A3C5-AA0E6FB2BC2D}.Debug|Any CPU.ActiveCfg = Debug|Any CPU
		{358555F6-0A73-4223-A3C5-AA0E6FB2BC2D}.Debug|Any CPU.Build.0 = Debug|Any CPU
		{358555F6-0A73-4223-A3C5-AA0E6FB2BC2D}.Release|Any CPU.ActiveCfg = Release|Any CPU
		{358555F6-0A73-4223-A3C5-AA0E6FB2BC2D}.Release|Any CPU.Build.0 = Release|Any CPU
	EndGlobalSection
	GlobalSection(SolutionProperties) = preSolution
		HideSolutionNode = FALSE
	EndGlobalSection
	GlobalSection(ExtensibilityGlobals) = postSolution
		SolutionGuid = {57383A3A-6735-488A-AADE-4A70B6896C85}
	EndGlobalSection
EndGlobal
