
Microsoft Visual Studio Solution File, Format Version 12.00
# Visual Studio Version 17
VisualStudioVersion = 17.9.34728.123
MinimumVisualStudioVersion = 10.0.40219.1
Project("{FAE04EC0-301F-11D3-BF4B-00C04F79EFBC}") = "Sistema de Clasificacion de Productos", "Sistema de Clasificacion de Productos\Sistema de Clasificacion de Productos.csproj", "{36DE26B5-753A-4054-BAA4-7C3FA0E9EF89}"
EndProject
Global
	GlobalSection(SolutionConfigurationPlatforms) = preSolution
		Debug|Any CPU = Debug|Any CPU
		Release|Any CPU = Release|Any CPU
	EndGlobalSection
	GlobalSection(ProjectConfigurationPlatforms) = postSolution
		{36DE26B5-753A-4054-BAA4-7C3FA0E9EF89}.Debug|Any CPU.ActiveCfg = Debug|Any CPU
		{36DE26B5-753A-4054-BAA4-7C3FA0E9EF89}.Debug|Any CPU.Build.0 = Debug|Any CPU
		{36DE26B5-753A-4054-BAA4-7C3FA0E9EF89}.Release|Any CPU.ActiveCfg = Release|Any CPU
		{36DE26B5-753A-4054-BAA4-7C3FA0E9EF89}.Release|Any CPU.Build.0 = Release|Any CPU
	EndGlobalSection
	GlobalSection(SolutionProperties) = preSolution
		HideSolutionNode = FALSE
	EndGlobalSection
	GlobalSection(ExtensibilityGlobals) = postSolution
		SolutionGuid = {242E73BB-3E9B-481A-9483-A5C9ECC85B91}
	EndGlobalSection
EndGlobal
